// !$*UTF8*$!
{
	archiveVersion = 1;
	classes = {
	};
	objectVersion = 77;
	objects = {

/* Begin PBXContainerItemProxy section */
		99FDA0B72D5AFC9500B0FD90 /* PBXContainerItemProxy */ = {
			isa = PBXContainerItemProxy;
			containerPortal = 99DE70C72D55F3A9006DF1DC /* Project object */;
			proxyType = 1;
			remoteGlobalIDString = 99FDA09B2D5AFC9200B0FD90;
			remoteInfo = OcLearning;
		};
		99FDA0C12D5AFC9500B0FD90 /* PBXContainerItemProxy */ = {
			isa = PBXContainerItemProxy;
			containerPortal = 99DE70C72D55F3A9006DF1DC /* Project object */;
			proxyType = 1;
			remoteGlobalIDString = 99FDA09B2D5AFC9200B0FD90;
			remoteInfo = OcLearning;
		};
/* End PBXContainerItemProxy section */

/* Begin PBXCopyFilesBuildPhase section */
		99DE70CD2D55F3A9006DF1DC /* CopyFiles */ = {
			isa = PBXCopyFilesBuildPhase;
			buildActionMask = 2147483647;
			dstPath = /usr/share/man/man1/;
			dstSubfolderSpec = 0;
			files = (
			);
			runOnlyForDeploymentPostprocessing = 1;
		};
/* End PBXCopyFilesBuildPhase section */

/* Begin PBXFileReference section */
		99DE70CF2D55F3A9006DF1DC /* testA */ = {isa = PBXFileReference; explicitFileType = "compiled.mach-o.executable"; includeInIndex = 0; path = testA; sourceTree = BUILT_PRODUCTS_DIR; };
		99FDA09C2D5AFC9200B0FD90 /* OcLearning.app */ = {isa = PBXFileReference; explicitFileType = wrapper.application; includeInIndex = 0; path = OcLearning.app; sourceTree = BUILT_PRODUCTS_DIR; };
		99FDA0B62D5AFC9500B0FD90 /* OcLearningTests.xctest */ = {isa = PBXFileReference; explicitFileType = wrapper.cfbundle; includeInIndex = 0; path = OcLearningTests.xctest; sourceTree = BUILT_PRODUCTS_DIR; };
		99FDA0C02D5AFC9500B0FD90 /* OcLearningUITests.xctest */ = {isa = PBXFileReference; explicitFileType = wrapper.cfbundle; includeInIndex = 0; path = OcLearningUITests.xctest; sourceTree = BUILT_PRODUCTS_DIR; };
/* End PBXFileReference section */

/* Begin PBXFileSystemSynchronizedBuildFileExceptionSet section */
		99FDA0C82D5AFC9600B0FD90 /* Exceptions for "OcLearning" folder in "OcLearning" target */ = {
			isa = PBXFileSystemSynchronizedBuildFileExceptionSet;
			membershipExceptions = (
				Info.plist,
			);
			target = 99FDA09B2D5AFC9200B0FD90 /* OcLearning */;
		};
/* End PBXFileSystemSynchronizedBuildFileExceptionSet section */

/* Begin PBXFileSystemSynchronizedRootGroup section */
		99DE70D12D55F3A9006DF1DC /* testA */ = {
			isa = PBXFileSystemSynchronizedRootGroup;
			path = testA;
			sourceTree = "<group>";
		};
		99FDA09D2D5AFC9300B0FD90 /* OcLearning */ = {
			isa = PBXFileSystemSynchronizedRootGroup;
			exceptions = (
				99FDA0C82D5AFC9600B0FD90 /* Exceptions for "OcLearning" folder in "OcLearning" target */,
			);
			path = OcLearning;
			sourceTree = "<group>";
		};
		99FDA0B92D5AFC9500B0FD90 /* OcLearningTests */ = {
			isa = PBXFileSystemSynchronizedRootGroup;
			path = OcLearningTests;
			sourceTree = "<group>";
		};
		99FDA0C32D5AFC9600B0FD90 /* OcLearningUITests */ = {
			isa = PBXFileSystemSynchronizedRootGroup;
			path = OcLearningUITests;
			sourceTree = "<group>";
		};
/* End PBXFileSystemSynchronizedRootGroup section */

/* Begin PBXFrameworksBuildPhase section */
		99DE70CC2D55F3A9006DF1DC /* Frameworks */ = {
			isa = PBXFrameworksBuildPhase;
			buildActionMask = 2147483647;
			files = (
			);
			runOnlyForDeploymentPostprocessing = 0;
		};
		99FDA0992D5AFC9200B0FD90 /* Frameworks */ = {
			isa = PBXFrameworksBuildPhase;
			buildActionMask = 2147483647;
			files = (
			);
			runOnlyForDeploymentPostprocessing = 0;
		};
		99FDA0B32D5AFC9500B0FD90 /* Frameworks */ = {
			isa = PBXFrameworksBuildPhase;
			buildActionMask = 2147483647;
			files = (
			);
			runOnlyForDeploymentPostprocessing = 0;
		};
		99FDA0BD2D5AFC9500B0FD90 /* Frameworks */ = {
			isa = PBXFrameworksBuildPhase;
			buildActionMask = 2147483647;
			files = (
			);
			runOnlyForDeploymentPostprocessing = 0;
		};
/* End PBXFrameworksBuildPhase section */

/* Begin PBXGroup section */
		99DE70C62D55F3A9006DF1DC = {
			isa = PBXGroup;
			children = (
				99DE70D12D55F3A9006DF1DC /* testA */,
				99FDA09D2D5AFC9300B0FD90 /* OcLearning */,
				99FDA0B92D5AFC9500B0FD90 /* OcLearningTests */,
				99FDA0C32D5AFC9600B0FD90 /* OcLearningUITests */,
				99DE70D02D55F3A9006DF1DC /* Products */,
			);
			sourceTree = "<group>";
		};
		99DE70D02D55F3A9006DF1DC /* Products */ = {
			isa = PBXGroup;
			children = (
				99DE70CF2D55F3A9006DF1DC /* testA */,
				99FDA09C2D5AFC9200B0FD90 /* OcLearning.app */,
				99FDA0B62D5AFC9500B0FD90 /* OcLearningTests.xctest */,
				99FDA0C02D5AFC9500B0FD90 /* OcLearningUITests.xctest */,
			);
			name = Products;
			sourceTree = "<group>";
		};
/* End PBXGroup section */

/* Begin PBXNativeTarget section */
		99DE70CE2D55F3A9006DF1DC /* testA */ = {
			isa = PBXNativeTarget;
			buildConfigurationList = 99DE70D62D55F3A9006DF1DC /* Build configuration list for PBXNativeTarget "testA" */;
			buildPhases = (
				99DE70CB2D55F3A9006DF1DC /* Sources */,
				99DE70CC2D55F3A9006DF1DC /* Frameworks */,
				99DE70CD2D55F3A9006DF1DC /* CopyFiles */,
			);
			buildRules = (
			);
			dependencies = (
			);
			fileSystemSynchronizedGroups = (
				99DE70D12D55F3A9006DF1DC /* testA */,
			);
			name = testA;
			packageProductDependencies = (
			);
			productName = testA;
			productReference = 99DE70CF2D55F3A9006DF1DC /* testA */;
			productType = "com.apple.product-type.tool";
		};
		99FDA09B2D5AFC9200B0FD90 /* OcLearning */ = {
			isa = PBXNativeTarget;
			buildConfigurationList = 99FDA0C92D5AFC9600B0FD90 /* Build configuration list for PBXNativeTarget "OcLearning" */;
			buildPhases = (
				99FDA0982D5AFC9200B0FD90 /* Sources */,
				99FDA0992D5AFC9200B0FD90 /* Frameworks */,
				99FDA09A2D5AFC9200B0FD90 /* Resources */,
			);
			buildRules = (
			);
			dependencies = (
			);
			fileSystemSynchronizedGroups = (
				99FDA09D2D5AFC9300B0FD90 /* OcLearning */,
			);
			name = OcLearning;
			packageProductDependencies = (
			);
			productName = OcLearning;
			productReference = 99FDA09C2D5AFC9200B0FD90 /* OcLearning.app */;
			productType = "com.apple.product-type.application";
		};
		99FDA0B52D5AFC9500B0FD90 /* OcLearningTests */ = {
			isa = PBXNativeTarget;
			buildConfigurationList = 99FDA0CC2D5AFC9600B0FD90 /* Build configuration list for PBXNativeTarget "OcLearningTests" */;
			buildPhases = (
				99FDA0B22D5AFC9500B0FD90 /* Sources */,
				99FDA0B32D5AFC9500B0FD90 /* Frameworks */,
				99FDA0B42D5AFC9500B0FD90 /* Resources */,
			);
			buildRules = (
			);
			dependencies = (
				99FDA0B82D5AFC9500B0FD90 /* PBXTargetDependency */,
			);
			fileSystemSynchronizedGroups = (
				99FDA0B92D5AFC9500B0FD90 /* OcLearningTests */,
			);
			name = OcLearningTests;
			packageProductDependencies = (
			);
			productName = OcLearningTests;
			productReference = 99FDA0B62D5AFC9500B0FD90 /* OcLearningTests.xctest */;
			productType = "com.apple.product-type.bundle.unit-test";
		};
		99FDA0BF2D5AFC9500B0FD90 /* OcLearningUITests */ = {
			isa = PBXNativeTarget;
			buildConfigurationList = 99FDA0CF2D5AFC9600B0FD90 /* Build configuration list for PBXNativeTarget "OcLearningUITests" */;
			buildPhases = (
				99FDA0BC2D5AFC9500B0FD90 /* Sources */,
				99FDA0BD2D5AFC9500B0FD90 /* Frameworks */,
				99FDA0BE2D5AFC9500B0FD90 /* Resources */,
			);
			buildRules = (
			);
			dependencies = (
				99FDA0C22D5AFC9500B0FD90 /* PBXTargetDependency */,
			);
			fileSystemSynchronizedGroups = (
				99FDA0C32D5AFC9600B0FD90 /* OcLearningUITests */,
			);
			name = OcLearningUITests;
			packageProductDependencies = (
			);
			productName = OcLearningUITests;
			productReference = 99FDA0C02D5AFC9500B0FD90 /* OcLearningUITests.xctest */;
			productType = "com.apple.product-type.bundle.ui-testing";
		};
/* End PBXNativeTarget section */

/* Begin PBXProject section */
		99DE70C72D55F3A9006DF1DC /* Project object */ = {
			isa = PBXProject;
			attributes = {
				BuildIndependentTargetsInParallel = 1;
				LastUpgradeCheck = 1610;
				TargetAttributes = {
					99DE70CE2D55F3A9006DF1DC = {
						CreatedOnToolsVersion = 16.1;
					};
					99FDA09B2D5AFC9200B0FD90 = {
						CreatedOnToolsVersion = 16.1;
					};
					99FDA0B52D5AFC9500B0FD90 = {
						CreatedOnToolsVersion = 16.1;
						TestTargetID = 99FDA09B2D5AFC9200B0FD90;
					};
					99FDA0BF2D5AFC9500B0FD90 = {
						CreatedOnToolsVersion = 16.1;
						TestTargetID = 99FDA09B2D5AFC9200B0FD90;
					};
				};
			};
			buildConfigurationList = 99DE70CA2D55F3A9006DF1DC /* Build configuration list for PBXProject "testA" */;
			developmentRegion = en;
			hasScannedForEncodings = 0;
			knownRegions = (
				en,
				Base,
			);
			mainGroup = 99DE70C62D55F3A9006DF1DC;
			minimizedProjectReferenceProxies = 1;
			preferredProjectObjectVersion = 77;
			productRefGroup = 99DE70D02D55F3A9006DF1DC /* Products */;
			projectDirPath = "";
			projectRoot = "";
			targets = (
				99DE70CE2D55F3A9006DF1DC /* testA */,
				99FDA09B2D5AFC9200B0FD90 /* OcLearning */,
				99FDA0B52D5AFC9500B0FD90 /* OcLearningTests */,
				99FDA0BF2D5AFC9500B0FD90 /* OcLearningUITests */,
			);
		};
/* End PBXProject section */

/* Begin PBXResourcesBuildPhase section */
		99FDA09A2D5AFC9200B0FD90 /* Resources */ = {
			isa = PBXResourcesBuildPhase;
			buildActionMask = 2147483647;
			files = (
			);
			runOnlyForDeploymentPostprocessing = 0;
		};
		99FDA0B42D5AFC9500B0FD90 /* Resources */ = {
			isa = PBXResourcesBuildPhase;
			buildActionMask = 2147483647;
			files = (
			);
			runOnlyForDeploymentPostprocessing = 0;
		};
		99FDA0BE2D5AFC9500B0FD90 /* Resources */ = {
			isa = PBXResourcesBuildPhase;
			buildActionMask = 2147483647;
			files = (
			);
			runOnlyForDeploymentPostprocessing = 0;
		};
/* End PBXResourcesBuildPhase section */

/* Begin PBXSourcesBuildPhase section */
		99DE70CB2D55F3A9006DF1DC /* Sources */ = {
			isa = PBXSourcesBuildPhase;
			buildActionMask = 2147483647;
			files = (
			);
			runOnlyForDeploymentPostprocessing = 0;
		};
		99FDA0982D5AFC9200B0FD90 /* Sources */ = {
			isa = PBXSourcesBuildPhase;
			buildActionMask = 2147483647;
			files = (
			);
			runOnlyForDeploymentPostprocessing = 0;
		};
		99FDA0B22D5AFC9500B0FD90 /* Sources */ = {
			isa = PBXSourcesBuildPhase;
			buildActionMask = 2147483647;
			files = (
			);
			runOnlyForDeploymentPostprocessing = 0;
		};
		99FDA0BC2D5AFC9500B0FD90 /* Sources */ = {
			isa = PBXSourcesBuildPhase;
			buildActionMask = 2147483647;
			files = (
			);
			runOnlyForDeploymentPostprocessing = 0;
		};
/* End PBXSourcesBuildPhase section */

/* Begin PBXTargetDependency section */
		99FDA0B82D5AFC9500B0FD90 /* PBXTargetDependency */ = {
			isa = PBXTargetDependency;
			target = 99FDA09B2D5AFC9200B0FD90 /* OcLearning */;
			targetProxy = 99FDA0B72D5AFC9500B0FD90 /* PBXContainerItemProxy */;
		};
		99FDA0C22D5AFC9500B0FD90 /* PBXTargetDependency */ = {
			isa = PBXTargetDependency;
			target = 99FDA09B2D5AFC9200B0FD90 /* OcLearning */;
			targetProxy = 99FDA0C12D5AFC9500B0FD90 /* PBXContainerItemProxy */;
		};
/* End PBXTargetDependency section */

/* Begin XCBuildConfiguration section */
		99DE70D42D55F3A9006DF1DC /* Debug */ = {
			isa = XCBuildConfiguration;
			buildSettings = {
				ALWAYS_SEARCH_USER_PATHS = NO;
				ASSETCATALOG_COMPILER_GENERATE_SWIFT_ASSET_SYMBOL_EXTENSIONS = YES;
				CLANG_ANALYZER_NONNULL = YES;
				CLANG_ANALYZER_NUMBER_OBJECT_CONVERSION = YES_AGGRESSIVE;
				CLANG_CXX_LANGUAGE_STANDARD = "gnu++20";
				CLANG_ENABLE_MODULES = YES;
				CLANG_ENABLE_OBJC_ARC = YES;
				CLANG_ENABLE_OBJC_WEAK = YES;
				CLANG_WARN_BLOCK_CAPTURE_AUTORELEASING = YES;
				CLANG_WARN_BOOL_CONVERSION = YES;
				CLANG_WARN_COMMA = YES;
				CLANG_WARN_CONSTANT_CONVERSION = YES;
				CLANG_WARN_DEPRECATED_OBJC_IMPLEMENTATIONS = YES;
				CLANG_WARN_DIRECT_OBJC_ISA_USAGE = YES_ERROR;
				CLANG_WARN_DOCUMENTATION_COMMENTS = YES;
				CLANG_WARN_EMPTY_BODY = YES;
				CLANG_WARN_ENUM_CONVERSION = YES;
				CLANG_WARN_INFINITE_RECURSION = YES;
				CLANG_WARN_INT_CONVERSION = YES;
				CLANG_WARN_NON_LITERAL_NULL_CONVERSION = YES;
				CLANG_WARN_OBJC_IMPLICIT_RETAIN_SELF = YES;
				CLANG_WARN_OBJC_LITERAL_CONVERSION = YES;
				CLANG_WARN_OBJC_ROOT_CLASS = YES_ERROR;
				CLANG_WARN_QUOTED_INCLUDE_IN_FRAMEWORK_HEADER = YES;
				CLANG_WARN_RANGE_LOOP_ANALYSIS = YES;
				CLANG_WARN_STRICT_PROTOTYPES = YES;
				CLANG_WARN_SUSPICIOUS_MOVE = YES;
				CLANG_WARN_UNGUARDED_AVAILABILITY = YES_AGGRESSIVE;
				CLANG_WARN_UNREACHABLE_CODE = YES;
				CLANG_WARN__DUPLICATE_METHOD_MATCH = YES;
				COPY_PHASE_STRIP = NO;
				DEBUG_INFORMATION_FORMAT = dwarf;
				ENABLE_STRICT_OBJC_MSGSEND = YES;
				ENABLE_TESTABILITY = YES;
				ENABLE_USER_SCRIPT_SANDBOXING = YES;
				GCC_C_LANGUAGE_STANDARD = gnu17;
				GCC_DYNAMIC_NO_PIC = NO;
				GCC_NO_COMMON_BLOCKS = YES;
				GCC_OPTIMIZATION_LEVEL = 0;
				GCC_PREPROCESSOR_DEFINITIONS = (
					"DEBUG=1",
					"$(inherited)",
				);
				GCC_WARN_64_TO_32_BIT_CONVERSION = YES;
				GCC_WARN_ABOUT_RETURN_TYPE = YES_ERROR;
				GCC_WARN_UNDECLARED_SELECTOR = YES;
				GCC_WARN_UNINITIALIZED_AUTOS = YES_AGGRESSIVE;
				GCC_WARN_UNUSED_FUNCTION = YES;
				GCC_WARN_UNUSED_VARIABLE = YES;
				LOCALIZATION_PREFERS_STRING_CATALOGS = YES;
				MACOSX_DEPLOYMENT_TARGET = 14.5;
				MTL_ENABLE_DEBUG_INFO = INCLUDE_SOURCE;
				MTL_FAST_MATH = YES;
				ONLY_ACTIVE_ARCH = YES;
				SDKROOT = macosx;
			};
			name = Debug;
		};
		99DE70D52D55F3A9006DF1DC /* Release */ = {
			isa = XCBuildConfiguration;
			buildSettings = {
				ALWAYS_SEARCH_USER_PATHS = NO;
				ASSETCATALOG_COMPILER_GENERATE_SWIFT_ASSET_SYMBOL_EXTENSIONS = YES;
				CLANG_ANALYZER_NONNULL = YES;
				CLANG_ANALYZER_NUMBER_OBJECT_CONVERSION = YES_AGGRESSIVE;
				CLANG_CXX_LANGUAGE_STANDARD = "gnu++20";
				CLANG_ENABLE_MODULES = YES;
				CLANG_ENABLE_OBJC_ARC = YES;
				CLANG_ENABLE_OBJC_WEAK = YES;
				CLANG_WARN_BLOCK_CAPTURE_AUTORELEASING = YES;
				CLANG_WARN_BOOL_CONVERSION = YES;
				CLANG_WARN_COMMA = YES;
				CLANG_WARN_CONSTANT_CONVERSION = YES;
				CLANG_WARN_DEPRECATED_OBJC_IMPLEMENTATIONS = YES;
				CLANG_WARN_DIRECT_OBJC_ISA_USAGE = YES_ERROR;
				CLANG_WARN_DOCUMENTATION_COMMENTS = YES;
				CLANG_WARN_EMPTY_BODY = YES;
				CLANG_WARN_ENUM_CONVERSION = YES;
				CLANG_WARN_INFINITE_RECURSION = YES;
				CLANG_WARN_INT_CONVERSION = YES;
				CLANG_WARN_NON_LITERAL_NULL_CONVERSION = YES;
				CLANG_WARN_OBJC_IMPLICIT_RETAIN_SELF = YES;
				CLANG_WARN_OBJC_LITERAL_CONVERSION = YES;
				CLANG_WARN_OBJC_ROOT_CLASS = YES_ERROR;
				CLANG_WARN_QUOTED_INCLUDE_IN_FRAMEWORK_HEADER = YES;
				CLANG_WARN_RANGE_LOOP_ANALYSIS = YES;
				CLANG_WARN_STRICT_PROTOTYPES = YES;
				CLANG_WARN_SUSPICIOUS_MOVE = YES;
				CLANG_WARN_UNGUARDED_AVAILABILITY = YES_AGGRESSIVE;
				CLANG_WARN_UNREACHABLE_CODE = YES;
				CLANG_WARN__DUPLICATE_METHOD_MATCH = YES;
				COPY_PHASE_STRIP = NO;
				DEBUG_INFORMATION_FORMAT = "dwarf-with-dsym";
				ENABLE_NS_ASSERTIONS = NO;
				ENABLE_STRICT_OBJC_MSGSEND = YES;
				ENABLE_USER_SCRIPT_SANDBOXING = YES;
				GCC_C_LANGUAGE_STANDARD = gnu17;
				GCC_NO_COMMON_BLOCKS = YES;
				GCC_WARN_64_TO_32_BIT_CONVERSION = YES;
				GCC_WARN_ABOUT_RETURN_TYPE = YES_ERROR;
				GCC_WARN_UNDECLARED_SELECTOR = YES;
				GCC_WARN_UNINITIALIZED_AUTOS = YES_AGGRESSIVE;
				GCC_WARN_UNUSED_FUNCTION = YES;
				GCC_WARN_UNUSED_VARIABLE = YES;
				LOCALIZATION_PREFERS_STRING_CATALOGS = YES;
				MACOSX_DEPLOYMENT_TARGET = 14.5;
				MTL_ENABLE_DEBUG_INFO = NO;
				MTL_FAST_MATH = YES;
				SDKROOT = macosx;
			};
			name = Release;
		};
		99DE70D72D55F3A9006DF1DC /* Debug */ = {
			isa = XCBuildConfiguration;
			buildSettings = {
				CODE_SIGN_STYLE = Automatic;
				PRODUCT_NAME = "$(TARGET_NAME)";
			};
			name = Debug;
		};
		99DE70D82D55F3A9006DF1DC /* Release */ = {
			isa = XCBuildConfiguration;
			buildSettings = {
				CODE_SIGN_STYLE = Automatic;
				PRODUCT_NAME = "$(TARGET_NAME)";
			};
			name = Release;
		};
		99FDA0CA2D5AFC9600B0FD90 /* Debug */ = {
			isa = XCBuildConfiguration;
			buildSettings = {
				ASSETCATALOG_COMPILER_APPICON_NAME = AppIcon;
				ASSETCATALOG_COMPILER_GLOBAL_ACCENT_COLOR_NAME = AccentColor;
				CODE_SIGN_STYLE = Automatic;
				CURRENT_PROJECT_VERSION = 1;
				DEVELOPMENT_TEAM = Z93V47642B;
				GENERATE_INFOPLIST_FILE = YES;
				INFOPLIST_FILE = OcLearning/Info.plist;
				INFOPLIST_KEY_UIApplicationSupportsIndirectInputEvents = YES;
				INFOPLIST_KEY_UILaunchStoryboardName = LaunchScreen;
				INFOPLIST_KEY_UIMainStoryboardFile = Main;
				INFOPLIST_KEY_UISupportedInterfaceOrientations_iPad = "UIInterfaceOrientationPortrait UIInterfaceOrientationPortraitUpsideDown UIInterfaceOrientationLandscapeLeft UIInterfaceOrientationLandscapeRight";
				INFOPLIST_KEY_UISupportedInterfaceOrientations_iPhone = "UIInterfaceOrientationPortrait UIInterfaceOrientationLandscapeLeft UIInterfaceOrientationLandscapeRight";
				IPHONEOS_DEPLOYMENT_TARGET = 18.1;
				LD_RUNPATH_SEARCH_PATHS = (
					"$(inherited)",
					"@executable_path/Frameworks",
				);
				MARKETING_VERSION = 1.0;
				PRODUCT_BUNDLE_IDENTIFIER = s.OcLearning;
				PRODUCT_NAME = "$(TARGET_NAME)";
				SDKROOT = iphoneos;
				SWIFT_EMIT_LOC_STRINGS = YES;
				TARGETED_DEVICE_FAMILY = "1,2";
			};
			name = Debug;
		};
		99FDA0CB2D5AFC9600B0FD90 /* Release */ = {
			isa = XCBuildConfiguration;
			buildSettings = {
				ASSETCATALOG_COMPILER_APPICON_NAME = AppIcon;
				ASSETCATALOG_COMPILER_GLOBAL_ACCENT_COLOR_NAME = AccentColor;
				CODE_SIGN_STYLE = Automatic;
				CURRENT_PROJECT_VERSION = 1;
				DEVELOPMENT_TEAM = Z93V47642B;
				GENERATE_INFOPLIST_FILE = YES;
				INFOPLIST_FILE = OcLearning/Info.plist;
				INFOPLIST_KEY_UIApplicationSupportsIndirectInputEvents = YES;
				INFOPLIST_KEY_UILaunchStoryboardName = LaunchScreen;
				INFOPLIST_KEY_UIMainStoryboardFile = Main;
				INFOPLIST_KEY_UISupportedInterfaceOrientations_iPad = "UIInterfaceOrientationPortrait UIInterfaceOrientationPortraitUpsideDown UIInterfaceOrientationLandscapeLeft UIInterfaceOrientationLandscapeRight";
				INFOPLIST_KEY_UISupportedInterfaceOrientations_iPhone = "UIInterfaceOrientationPortrait UIInterfaceOrientationLandscapeLeft UIInterfaceOrientationLandscapeRight";
				IPHONEOS_DEPLOYMENT_TARGET = 18.1;
				LD_RUNPATH_SEARCH_PATHS = (
					"$(inherited)",
					"@executable_path/Frameworks",
				);
				MARKETING_VERSION = 1.0;
				PRODUCT_BUNDLE_IDENTIFIER = s.OcLearning;
				PRODUCT_NAME = "$(TARGET_NAME)";
				SDKROOT = iphoneos;
				SWIFT_EMIT_LOC_STRINGS = YES;
				TARGETED_DEVICE_FAMILY = "1,2";
				VALIDATE_PRODUCT = YES;
			};
			name = Release;
		};
		99FDA0CD2D5AFC9600B0FD90 /* Debug */ = {
			isa = XCBuildConfiguration;
			buildSettings = {
				BUNDLE_LOADER = "$(TEST_HOST)";
				CODE_SIGN_STYLE = Automatic;
				CURRENT_PROJECT_VERSION = 1;
				GENERATE_INFOPLIST_FILE = YES;
				IPHONEOS_DEPLOYMENT_TARGET = 18.1;
				MARKETING_VERSION = 1.0;
				PRODUCT_BUNDLE_IDENTIFIER = s.OcLearningTests;
				PRODUCT_NAME = "$(TARGET_NAME)";
				SDKROOT = iphoneos;
				SWIFT_EMIT_LOC_STRINGS = NO;
				TARGETED_DEVICE_FAMILY = "1,2";
				TEST_HOST = "$(BUILT_PRODUCTS_DIR)/OcLearning.app/$(BUNDLE_EXECUTABLE_FOLDER_PATH)/OcLearning";
			};
			name = Debug;
		};
		99FDA0CE2D5AFC9600B0FD90 /* Release */ = {
			isa = XCBuildConfiguration;
			buildSettings = {
				BUNDLE_LOADER = "$(TEST_HOST)";
				CODE_SIGN_STYLE = Automatic;
				CURRENT_PROJECT_VERSION = 1;
				GENERATE_INFOPLIST_FILE = YES;
				IPHONEOS_DEPLOYMENT_TARGET = 18.1;
				MARKETING_VERSION = 1.0;
				PRODUCT_BUNDLE_IDENTIFIER = s.OcLearningTests;
				PRODUCT_NAME = "$(TARGET_NAME)";
				SDKROOT = iphoneos;
				SWIFT_EMIT_LOC_STRINGS = NO;
				TARGETED_DEVICE_FAMILY = "1,2";
				TEST_HOST = "$(BUILT_PRODUCTS_DIR)/OcLearning.app/$(BUNDLE_EXECUTABLE_FOLDER_PATH)/OcLearning";
				VALIDATE_PRODUCT = YES;
			};
			name = Release;
		};
		99FDA0D02D5AFC9600B0FD90 /* Debug */ = {
			isa = XCBuildConfiguration;
			buildSettings = {
				CODE_SIGN_STYLE = Automatic;
				CURRENT_PROJECT_VERSION = 1;
				GENERATE_INFOPLIST_FILE = YES;
				IPHONEOS_DEPLOYMENT_TARGET = 18.1;
				MARKETING_VERSION = 1.0;
				PRODUCT_BUNDLE_IDENTIFIER = s.OcLearningUITests;
				PRODUCT_NAME = "$(TARGET_NAME)";
				SDKROOT = iphoneos;
				SWIFT_EMIT_LOC_STRINGS = NO;
				TARGETED_DEVICE_FAMILY = "1,2";
				TEST_TARGET_NAME = OcLearning;
			};
			name = Debug;
		};
		99FDA0D12D5AFC9600B0FD90 /* Release */ = {
			isa = XCBuildConfiguration;
			buildSettings = {
				CODE_SIGN_STYLE = Automatic;
				CURRENT_PROJECT_VERSION = 1;
				GENERATE_INFOPLIST_FILE = YES;
				IPHONEOS_DEPLOYMENT_TARGET = 18.1;
				MARKETING_VERSION = 1.0;
				PRODUCT_BUNDLE_IDENTIFIER = s.OcLearningUITests;
				PRODUCT_NAME = "$(TARGET_NAME)";
				SDKROOT = iphoneos;
				SWIFT_EMIT_LOC_STRINGS = NO;
				TARGETED_DEVICE_FAMILY = "1,2";
				TEST_TARGET_NAME = OcLearning;
				VALIDATE_PRODUCT = YES;
			};
			name = Release;
		};
/* End XCBuildConfiguration section */

/* Begin XCConfigurationList section */
		99DE70CA2D55F3A9006DF1DC /* Build configuration list for PBXProject "testA" */ = {
			isa = XCConfigurationList;
			buildConfigurations = (
				99DE70D42D55F3A9006DF1DC /* Debug */,
				99DE70D52D55F3A9006DF1DC /* Release */,
			);
			defaultConfigurationIsVisible = 0;
			defaultConfigurationName = Release;
		};
		99DE70D62D55F3A9006DF1DC /* Build configuration list for PBXNativeTarget "testA" */ = {
			isa = XCConfigurationList;
			buildConfigurations = (
				99DE70D72D55F3A9006DF1DC /* Debug */,
				99DE70D82D55F3A9006DF1DC /* Release */,
			);
			defaultConfigurationIsVisible = 0;
			defaultConfigurationName = Release;
		};
		99FDA0C92D5AFC9600B0FD90 /* Build configuration list for PBXNativeTarget "OcLearning" */ = {
			isa = XCConfigurationList;
			buildConfigurations = (
				99FDA0CA2D5AFC9600B0FD90 /* Debug */,
				99FDA0CB2D5AFC9600B0FD90 /* Release */,
			);
			defaultConfigurationIsVisible = 0;
			defaultConfigurationName = Release;
		};
		99FDA0CC2D5AFC9600B0FD90 /* Build configuration list for PBXNativeTarget "OcLearningTests" */ = {
			isa = XCConfigurationList;
			buildConfigurations = (
				99FDA0CD2D5AFC9600B0FD90 /* Debug */,
				99FDA0CE2D5AFC9600B0FD90 /* Release */,
			);
			defaultConfigurationIsVisible = 0;
			defaultConfigurationName = Release;
		};
		99FDA0CF2D5AFC9600B0FD90 /* Build configuration list for PBXNativeTarget "OcLearningUITests" */ = {
			isa = XCConfigurationList;
			buildConfigurations = (
				99FDA0D02D5AFC9600B0FD90 /* Debug */,
				99FDA0D12D5AFC9600B0FD90 /* Release */,
			);
			defaultConfigurationIsVisible = 0;
			defaultConfigurationName = Release;
		};
/* End XCConfigurationList section */
	};
	rootObject = 99DE70C72D55F3A9006DF1DC /* Project object */;
}
